
Microsoft Visual Studio Solution File, Format Version 12.00
# Visual Studio Version 17
VisualStudioVersion = 17.4.33205.214
MinimumVisualStudioVersion = 10.0.40219.1
Project("{FAE04EC0-301F-11D3-BF4B-00C04F79EFBC}") = "Final", "Final\Final.csproj", "{09662E64-0AA2-4F7D-8B14-E5F664F59CAC}"
EndProject
Global
	GlobalSection(SolutionConfigurationPlatforms) = preSolution
		Debug|Any CPU = Debug|Any CPU
		Release|Any CPU = Release|Any CPU
	EndGlobalSection
	GlobalSection(ProjectConfigurationPlatforms) = postSolution
		{09662E64-0AA2-4F7D-8B14-E5F664F59CAC}.Debug|Any CPU.ActiveCfg = Debug|Any CPU
		{09662E64-0AA2-4F7D-8B14-E5F664F59CAC}.Debug|Any CPU.Build.0 = Debug|Any CPU
		{09662E64-0AA2-4F7D-8B14-E5F664F59CAC}.Release|Any CPU.ActiveCfg = Release|Any CPU
		{09662E64-0AA2-4F7D-8B14-E5F664F59CAC}.Release|Any CPU.Build.0 = Release|Any CPU
	EndGlobalSection
	GlobalSection(SolutionProperties) = preSolution
		HideSolutionNode = FALSE
	EndGlobalSection
	GlobalSection(ExtensibilityGlobals) = postSolution
		SolutionGuid = {7B28AB3D-266B-4A7A-82ED-140F81D619DF}
	EndGlobalSection
EndGlobal
